// !$*UTF8*$!
{
	archiveVersion = 1;
	classes = {
	};
	objectVersion = 55;
	objects = {

/* Begin PBXBuildFile section */
		B4CA543127995FC900BF288B /* SwiftUIStripePaymentApp.swift in Sources */ = {isa = PBXBuildFile; fileRef = B4CA543027995FC900BF288B /* SwiftUIStripePaymentApp.swift */; };
		B4CA543327995FC900BF288B /* ContentView.swift in Sources */ = {isa = PBXBuildFile; fileRef = B4CA543227995FC900BF288B /* ContentView.swift */; };
		B4CA543527995FD100BF288B /* Assets.xcassets in Resources */ = {isa = PBXBuildFile; fileRef = B4CA543427995FD100BF288B /* Assets.xcassets */; };
		B4CA543827995FD100BF288B /* Preview Assets.xcassets in Resources */ = {isa = PBXBuildFile; fileRef = B4CA543727995FD100BF288B /* Preview Assets.xcassets */; };
		B4CA543F27997AA100BF288B /* Product.swift in Sources */ = {isa = PBXBuildFile; fileRef = B4CA543E27997A9F00BF288B /* Product.swift */; };
		B4CA544127997E4100BF288B /* Cart.swift in Sources */ = {isa = PBXBuildFile; fileRef = B4CA544027997E4000BF288B /* Cart.swift */; };
		B4CA544327997ED400BF288B /* CheckoutView.swift in Sources */ = {isa = PBXBuildFile; fileRef = B4CA544227997ED400BF288B /* CheckoutView.swift */; };
		B4CA544527997F4D00BF288B /* Utils.swift in Sources */ = {isa = PBXBuildFile; fileRef = B4CA544427997F4D00BF288B /* Utils.swift */; };
		B4CA5447279980C500BF288B /* CheckoutIntentResponse.swift in Sources */ = {isa = PBXBuildFile; fileRef = B4CA5446279980C500BF288B /* CheckoutIntentResponse.swift */; };
		B4CA5449279980EA00BF288B /* PaymentConfig.swift in Sources */ = {isa = PBXBuildFile; fileRef = B4CA5448279980EA00BF288B /* PaymentConfig.swift */; };
		B4CA544B2799810B00BF288B /* Confirmation.swift in Sources */ = {isa = PBXBuildFile; fileRef = B4CA544A2799810B00BF288B /* Confirmation.swift */; };
		B4CA544D2799813B00BF288B /* PaymentGatewayController.swift in Sources */ = {isa = PBXBuildFile; fileRef = B4CA544C2799813B00BF288B /* PaymentGatewayController.swift */; };
		E94A907354DD97B4F36A9783 /* Pods_SwiftUIStripePayment.framework in Frameworks */ = {isa = PBXBuildFile; fileRef = 6C3227B15536008DEC416F6D /* Pods_SwiftUIStripePayment.framework */; };
/* End PBXBuildFile section */

/* Begin PBXFileReference section */
		211D2D85AA66BA6F86DA3F6E /* Pods-SwiftUIStripePayment.release.xcconfig */ = {isa = PBXFileReference; includeInIndex = 1; lastKnownFileType = text.xcconfig; name = "Pods-SwiftUIStripePayment.release.xcconfig"; path = "Target Support Files/Pods-SwiftUIStripePayment/Pods-SwiftUIStripePayment.release.xcconfig"; sourceTree = "<group>"; };
		6C3227B15536008DEC416F6D /* Pods_SwiftUIStripePayment.framework */ = {isa = PBXFileReference; explicitFileType = wrapper.framework; includeInIndex = 0; path = Pods_SwiftUIStripePayment.framework; sourceTree = BUILT_PRODUCTS_DIR; };
		A13B57DF7DAA5EE0D46FF626 /* Pods-SwiftUIStripePayment.debug.xcconfig */ = {isa = PBXFileReference; includeInIndex = 1; lastKnownFileType = text.xcconfig; name = "Pods-SwiftUIStripePayment.debug.xcconfig"; path = "Target Support Files/Pods-SwiftUIStripePayment/Pods-SwiftUIStripePayment.debug.xcconfig"; sourceTree = "<group>"; };
		B4CA542D27995FC900BF288B /* SwiftUIStripePayment.app */ = {isa = PBXFileReference; explicitFileType = wrapper.application; includeInIndex = 0; path = SwiftUIStripePayment.app; sourceTree = BUILT_PRODUCTS_DIR; };
		B4CA543027995FC900BF288B /* SwiftUIStripePaymentApp.swift */ = {isa = PBXFileReference; lastKnownFileType = sourcecode.swift; path = SwiftUIStripePaymentApp.swift; sourceTree = "<group>"; };
		B4CA543227995FC900BF288B /* ContentView.swift */ = {isa = PBXFileReference; lastKnownFileType = sourcecode.swift; path = ContentView.swift; sourceTree = "<group>"; };
		B4CA543427995FD100BF288B /* Assets.xcassets */ = {isa = PBXFileReference; lastKnownFileType = folder.assetcatalog; path = Assets.xcassets; sourceTree = "<group>"; };
		B4CA543727995FD100BF288B /* Preview Assets.xcassets */ = {isa = PBXFileReference; lastKnownFileType = folder.assetcatalog; path = "Preview Assets.xcassets"; sourceTree = "<group>"; };
		B4CA543E27997A9F00BF288B /* Product.swift */ = {isa = PBXFileReference; lastKnownFileType = sourcecode.swift; path = Product.swift; sourceTree = "<group>"; };
		B4CA544027997E4000BF288B /* Cart.swift */ = {isa = PBXFileReference; lastKnownFileType = sourcecode.swift; path = Cart.swift; sourceTree = "<group>"; };
		B4CA544227997ED400BF288B /* CheckoutView.swift */ = {isa = PBXFileReference; lastKnownFileType = sourcecode.swift; path = CheckoutView.swift; sourceTree = "<group>"; };
		B4CA544427997F4D00BF288B /* Utils.swift */ = {isa = PBXFileReference; lastKnownFileType = sourcecode.swift; path = Utils.swift; sourceTree = "<group>"; };
		B4CA5446279980C500BF288B /* CheckoutIntentResponse.swift */ = {isa = PBXFileReference; lastKnownFileType = sourcecode.swift; path = CheckoutIntentResponse.swift; sourceTree = "<group>"; };
		B4CA5448279980EA00BF288B /* PaymentConfig.swift */ = {isa = PBXFileReference; lastKnownFileType = sourcecode.swift; path = PaymentConfig.swift; sourceTree = "<group>"; };
		B4CA544A2799810B00BF288B /* Confirmation.swift */ = {isa = PBXFileReference; lastKnownFileType = sourcecode.swift; path = Confirmation.swift; sourceTree = "<group>"; };
		B4CA544C2799813B00BF288B /* PaymentGatewayController.swift */ = {isa = PBXFileReference; lastKnownFileType = sourcecode.swift; path = PaymentGatewayController.swift; sourceTree = "<group>"; };
/* End PBXFileReference section */

/* Begin PBXFrameworksBuildPhase section */
		B4CA542A27995FC900BF288B /* Frameworks */ = {
			isa = PBXFrameworksBuildPhase;
			buildActionMask = 2147483647;
			files = (
				E94A907354DD97B4F36A9783 /* Pods_SwiftUIStripePayment.framework in Frameworks */,
			);
			runOnlyForDeploymentPostprocessing = 0;
		};
/* End PBXFrameworksBuildPhase section */

/* Begin PBXGroup section */
		0AE709C069E98C320BDDC8E3 /* Pods */ = {
			isa = PBXGroup;
			children = (
				A13B57DF7DAA5EE0D46FF626 /* Pods-SwiftUIStripePayment.debug.xcconfig */,
				211D2D85AA66BA6F86DA3F6E /* Pods-SwiftUIStripePayment.release.xcconfig */,
			);
			name = Pods;
			path = Pods;
			sourceTree = "<group>";
		};
		4D3AE2B5594FBB87F437E25D /* Frameworks */ = {
			isa = PBXGroup;
			children = (
				6C3227B15536008DEC416F6D /* Pods_SwiftUIStripePayment.framework */,
			);
			name = Frameworks;
			sourceTree = "<group>";
		};
		B4CA542427995FC800BF288B = {
			isa = PBXGroup;
			children = (
				B4CA542F27995FC900BF288B /* SwiftUIStripePayment */,
				B4CA542E27995FC900BF288B /* Products */,
				0AE709C069E98C320BDDC8E3 /* Pods */,
				4D3AE2B5594FBB87F437E25D /* Frameworks */,
			);
			sourceTree = "<group>";
		};
		B4CA542E27995FC900BF288B /* Products */ = {
			isa = PBXGroup;
			children = (
				B4CA542D27995FC900BF288B /* SwiftUIStripePayment.app */,
			);
			name = Products;
			sourceTree = "<group>";
		};
		B4CA542F27995FC900BF288B /* SwiftUIStripePayment */ = {
			isa = PBXGroup;
			children = (
				B4CA543027995FC900BF288B /* SwiftUIStripePaymentApp.swift */,
				B4CA543227995FC900BF288B /* ContentView.swift */,
				B4CA543E27997A9F00BF288B /* Product.swift */,
				B4CA544027997E4000BF288B /* Cart.swift */,
				B4CA544227997ED400BF288B /* CheckoutView.swift */,
				B4CA544427997F4D00BF288B /* Utils.swift */,
				B4CA5446279980C500BF288B /* CheckoutIntentResponse.swift */,
				B4CA5448279980EA00BF288B /* PaymentConfig.swift */,
				B4CA544A2799810B00BF288B /* Confirmation.swift */,
				B4CA544C2799813B00BF288B /* PaymentGatewayController.swift */,
				B4CA543427995FD100BF288B /* Assets.xcassets */,
				B4CA543627995FD100BF288B /* Preview Content */,
			);
			path = SwiftUIStripePayment;
			sourceTree = "<group>";
		};
		B4CA543627995FD100BF288B /* Preview Content */ = {
			isa = PBXGroup;
			children = (
				B4CA543727995FD100BF288B /* Preview Assets.xcassets */,
			);
			path = "Preview Content";
			sourceTree = "<group>";
		};
/* End PBXGroup section */

/* Begin PBXNativeTarget section */
		B4CA542C27995FC900BF288B /* SwiftUIStripePayment */ = {
			isa = PBXNativeTarget;
			buildConfigurationList = B4CA543B27995FD100BF288B /* Build configuration list for PBXNativeTarget "SwiftUIStripePayment" */;
			buildPhases = (
				7079143FBAA8A74E4888845E /* [CP] Check Pods Manifest.lock */,
				B4CA542927995FC900BF288B /* Sources */,
				B4CA542A27995FC900BF288B /* Frameworks */,
				B4CA542B27995FC900BF288B /* Resources */,
				CBC5447FB9F5F7CC0970D4E7 /* [CP] Embed Pods Frameworks */,
			);
			buildRules = (
			);
			dependencies = (
			);
			name = SwiftUIStripePayment;
			productName = SwiftUIStripePayment;
			productReference = B4CA542D27995FC900BF288B /* SwiftUIStripePayment.app */;
			productType = "com.apple.product-type.application";
		};
/* End PBXNativeTarget section */

/* Begin PBXProject section */
		B4CA542527995FC800BF288B /* Project object */ = {
			isa = PBXProject;
			attributes = {
				BuildIndependentTargetsInParallel = 1;
				LastSwiftUpdateCheck = 1310;
				LastUpgradeCheck = 1310;
				TargetAttributes = {
					B4CA542C27995FC900BF288B = {
						CreatedOnToolsVersion = 13.1;
					};
				};
			};
			buildConfigurationList = B4CA542827995FC800BF288B /* Build configuration list for PBXProject "SwiftUIStripePayment" */;
			compatibilityVersion = "Xcode 13.0";
			developmentRegion = en;
			hasScannedForEncodings = 0;
			knownRegions = (
				en,
				Base,
			);
			mainGroup = B4CA542427995FC800BF288B;
			productRefGroup = B4CA542E27995FC900BF288B /* Products */;
			projectDirPath = "";
			projectRoot = "";
			targets = (
				B4CA542C27995FC900BF288B /* SwiftUIStripePayment */,
			);
		};
/* End PBXProject section */

/* Begin PBXResourcesBuildPhase section */
		B4CA542B27995FC900BF288B /* Resources */ = {
			isa = PBXResourcesBuildPhase;
			buildActionMask = 2147483647;
			files = (
				B4CA543827995FD100BF288B /* Preview Assets.xcassets in Resources */,
				B4CA543527995FD100BF288B /* Assets.xcassets in Resources */,
			);
			runOnlyForDeploymentPostprocessing = 0;
		};
/* End PBXResourcesBuildPhase section */

/* Begin PBXShellScriptBuildPhase section */
		7079143FBAA8A74E4888845E /* [CP] Check Pods Manifest.lock */ = {
			isa = PBXShellScriptBuildPhase;
			buildActionMask = 2147483647;
			files = (
			);
			inputFileListPaths = (
			);
			inputPaths = (
				"${PODS_PODFILE_DIR_PATH}/Podfile.lock",
				"${PODS_ROOT}/Manifest.lock",
			);
			name = "[CP] Check Pods Manifest.lock";
			outputFileListPaths = (
			);
			outputPaths = (
				"$(DERIVED_FILE_DIR)/Pods-SwiftUIStripePayment-checkManifestLockResult.txt",
			);
			runOnlyForDeploymentPostprocessing = 0;
			shellPath = /bin/sh;
			shellScript = "diff \"${PODS_PODFILE_DIR_PATH}/Podfile.lock\" \"${PODS_ROOT}/Manifest.lock\" > /dev/null\nif [ $? != 0 ] ; then\n    # print error to STDERR\n    echo \"error: The sandbox is not in sync with the Podfile.lock. Run 'pod install' or update your CocoaPods installation.\" >&2\n    exit 1\nfi\n# This output is used by Xcode 'outputs' to avoid re-running this script phase.\necho \"SUCCESS\" > \"${SCRIPT_OUTPUT_FILE_0}\"\n";
			showEnvVarsInLog = 0;
		};
		CBC5447FB9F5F7CC0970D4E7 /* [CP] Embed Pods Frameworks */ = {
			isa = PBXShellScriptBuildPhase;
			buildActionMask = 2147483647;
			files = (
			);
			inputFileListPaths = (
				"${PODS_ROOT}/Target Support Files/Pods-SwiftUIStripePayment/Pods-SwiftUIStripePayment-frameworks-${CONFIGURATION}-input-files.xcfilelist",
			);
			name = "[CP] Embed Pods Frameworks";
			outputFileListPaths = (
				"${PODS_ROOT}/Target Support Files/Pods-SwiftUIStripePayment/Pods-SwiftUIStripePayment-frameworks-${CONFIGURATION}-output-files.xcfilelist",
			);
			runOnlyForDeploymentPostprocessing = 0;
			shellPath = /bin/sh;
			shellScript = "\"${PODS_ROOT}/Target Support Files/Pods-SwiftUIStripePayment/Pods-SwiftUIStripePayment-frameworks.sh\"\n";
			showEnvVarsInLog = 0;
		};
/* End PBXShellScriptBuildPhase section */

/* Begin PBXSourcesBuildPhase section */
		B4CA542927995FC900BF288B /* Sources */ = {
			isa = PBXSourcesBuildPhase;
			buildActionMask = 2147483647;
			files = (
				B4CA543327995FC900BF288B /* ContentView.swift in Sources */,
				B4CA543127995FC900BF288B /* SwiftUIStripePaymentApp.swift in Sources */,
				B4CA5449279980EA00BF288B /* PaymentConfig.swift in Sources */,
				B4CA544D2799813B00BF288B /* PaymentGatewayController.swift in Sources */,
				B4CA544327997ED400BF288B /* CheckoutView.swift in Sources */,
				B4CA5447279980C500BF288B /* CheckoutIntentResponse.swift in Sources */,
				B4CA543F27997AA100BF288B /* Product.swift in Sources */,
				B4CA544127997E4100BF288B /* Cart.swift in Sources */,
				B4CA544B2799810B00BF288B /* Confirmation.swift in Sources */,
				B4CA544527997F4D00BF288B /* Utils.swift in Sources */,
			);
			runOnlyForDeploymentPostprocessing = 0;
		};
/* End PBXSourcesBuildPhase section */

/* Begin XCBuildConfiguration section */
		B4CA543927995FD100BF288B /* Debug */ = {
			isa = XCBuildConfiguration;
			buildSettings = {
				ALWAYS_SEARCH_USER_PATHS = NO;
				CLANG_ANALYZER_NONNULL = YES;
				CLANG_ANALYZER_NUMBER_OBJECT_CONVERSION = YES_AGGRESSIVE;
				CLANG_CXX_LANGUAGE_STANDARD = "gnu++17";
				CLANG_CXX_LIBRARY = "libc++";
				CLANG_ENABLE_MODULES = YES;
				CLANG_ENABLE_OBJC_ARC = YES;
				CLANG_ENABLE_OBJC_WEAK = YES;
				CLANG_WARN_BLOCK_CAPTURE_AUTORELEASING = YES;
				CLANG_WARN_BOOL_CONVERSION = YES;
				CLANG_WARN_COMMA = YES;
				CLANG_WARN_CONSTANT_CONVERSION = YES;
				CLANG_WARN_DEPRECATED_OBJC_IMPLEMENTATIONS = YES;
				CLANG_WARN_DIRECT_OBJC_ISA_USAGE = YES_ERROR;
				CLANG_WARN_DOCUMENTATION_COMMENTS = YES;
				CLANG_WARN_EMPTY_BODY = YES;
				CLANG_WARN_ENUM_CONVERSION = YES;
				CLANG_WARN_INFINITE_RECURSION = YES;
				CLANG_WARN_INT_CONVERSION = YES;
				CLANG_WARN_NON_LITERAL_NULL_CONVERSION = YES;
				CLANG_WARN_OBJC_IMPLICIT_RETAIN_SELF = YES;
				CLANG_WARN_OBJC_LITERAL_CONVERSION = YES;
				CLANG_WARN_OBJC_ROOT_CLASS = YES_ERROR;
				CLANG_WARN_QUOTED_INCLUDE_IN_FRAMEWORK_HEADER = YES;
				CLANG_WARN_RANGE_LOOP_ANALYSIS = YES;
				CLANG_WARN_STRICT_PROTOTYPES = YES;
				CLANG_WARN_SUSPICIOUS_MOVE = YES;
				CLANG_WARN_UNGUARDED_AVAILABILITY = YES_AGGRESSIVE;
				CLANG_WARN_UNREACHABLE_CODE = YES;
				CLANG_WARN__DUPLICATE_METHOD_MATCH = YES;
				COPY_PHASE_STRIP = NO;
				DEBUG_INFORMATION_FORMAT = dwarf;
				ENABLE_STRICT_OBJC_MSGSEND = YES;
				ENABLE_TESTABILITY = YES;
				GCC_C_LANGUAGE_STANDARD = gnu11;
				GCC_DYNAMIC_NO_PIC = NO;
				GCC_NO_COMMON_BLOCKS = YES;
				GCC_OPTIMIZATION_LEVEL = 0;
				GCC_PREPROCESSOR_DEFINITIONS = (
					"DEBUG=1",
					"$(inherited)",
				);
				GCC_WARN_64_TO_32_BIT_CONVERSION = YES;
				GCC_WARN_ABOUT_RETURN_TYPE = YES_ERROR;
				GCC_WARN_UNDECLARED_SELECTOR = YES;
				GCC_WARN_UNINITIALIZED_AUTOS = YES_AGGRESSIVE;
				GCC_WARN_UNUSED_FUNCTION = YES;
				GCC_WARN_UNUSED_VARIABLE = YES;
				IPHONEOS_DEPLOYMENT_TARGET = 15.0;
				MTL_ENABLE_DEBUG_INFO = INCLUDE_SOURCE;
				MTL_FAST_MATH = YES;
				ONLY_ACTIVE_ARCH = YES;
				SDKROOT = iphoneos;
				SWIFT_ACTIVE_COMPILATION_CONDITIONS = DEBUG;
				SWIFT_OPTIMIZATION_LEVEL = "-Onone";
			};
			name = Debug;
		};
		B4CA543A27995FD100BF288B /* Release */ = {
			isa = XCBuildConfiguration;
			buildSettings = {
				ALWAYS_SEARCH_USER_PATHS = NO;
				CLANG_ANALYZER_NONNULL = YES;
				CLANG_ANALYZER_NUMBER_OBJECT_CONVERSION = YES_AGGRESSIVE;
				CLANG_CXX_LANGUAGE_STANDARD = "gnu++17";
				CLANG_CXX_LIBRARY = "libc++";
				CLANG_ENABLE_MODULES = YES;
				CLANG_ENABLE_OBJC_ARC = YES;
				CLANG_ENABLE_OBJC_WEAK = YES;
				CLANG_WARN_BLOCK_CAPTURE_AUTORELEASING = YES;
				CLANG_WARN_BOOL_CONVERSION = YES;
				CLANG_WARN_COMMA = YES;
				CLANG_WARN_CONSTANT_CONVERSION = YES;
				CLANG_WARN_DEPRECATED_OBJC_IMPLEMENTATIONS = YES;
				CLANG_WARN_DIRECT_OBJC_ISA_USAGE = YES_ERROR;
				CLANG_WARN_DOCUMENTATION_COMMENTS = YES;
				CLANG_WARN_EMPTY_BODY = YES;
				CLANG_WARN_ENUM_CONVERSION = YES;
				CLANG_WARN_INFINITE_RECURSION = YES;
				CLANG_WARN_INT_CONVERSION = YES;
				CLANG_WARN_NON_LITERAL_NULL_CONVERSION = YES;
				CLANG_WARN_OBJC_IMPLICIT_RETAIN_SELF = YES;
				CLANG_WARN_OBJC_LITERAL_CONVERSION = YES;
				CLANG_WARN_OBJC_ROOT_CLASS = YES_ERROR;
				CLANG_WARN_QUOTED_INCLUDE_IN_FRAMEWORK_HEADER = YES;
				CLANG_WARN_RANGE_LOOP_ANALYSIS = YES;
				CLANG_WARN_STRICT_PROTOTYPES = YES;
				CLANG_WARN_SUSPICIOUS_MOVE = YES;
				CLANG_WARN_UNGUARDED_AVAILABILITY = YES_AGGRESSIVE;
				CLANG_WARN_UNREACHABLE_CODE = YES;
				CLANG_WARN__DUPLICATE_METHOD_MATCH = YES;
				COPY_PHASE_STRIP = NO;
				DEBUG_INFORMATION_FORMAT = "dwarf-with-dsym";
				ENABLE_NS_ASSERTIONS = NO;
				ENABLE_STRICT_OBJC_MSGSEND = YES;
				GCC_C_LANGUAGE_STANDARD = gnu11;
				GCC_NO_COMMON_BLOCKS = YES;
				GCC_WARN_64_TO_32_BIT_CONVERSION = YES;
				GCC_WARN_ABOUT_RETURN_TYPE = YES_ERROR;
				GCC_WARN_UNDECLARED_SELECTOR = YES;
				GCC_WARN_UNINITIALIZED_AUTOS = YES_AGGRESSIVE;
				GCC_WARN_UNUSED_FUNCTION = YES;
				GCC_WARN_UNUSED_VARIABLE = YES;
				IPHONEOS_DEPLOYMENT_TARGET = 15.0;
				MTL_ENABLE_DEBUG_INFO = NO;
				MTL_FAST_MATH = YES;
				SDKROOT = iphoneos;
				SWIFT_COMPILATION_MODE = wholemodule;
				SWIFT_OPTIMIZATION_LEVEL = "-O";
				VALIDATE_PRODUCT = YES;
			};
			name = Release;
		};
		B4CA543C27995FD100BF288B /* Debug */ = {
			isa = XCBuildConfiguration;
			baseConfigurationReference = A13B57DF7DAA5EE0D46FF626 /* Pods-SwiftUIStripePayment.debug.xcconfig */;
			buildSettings = {
				ASSETCATALOG_COMPILER_APPICON_NAME = AppIcon;
				ASSETCATALOG_COMPILER_GLOBAL_ACCENT_COLOR_NAME = AccentColor;
				CODE_SIGN_STYLE = Automatic;
				CURRENT_PROJECT_VERSION = 1;
				DEVELOPMENT_ASSET_PATHS = "\"SwiftUIStripePayment/Preview Content\"";
				DEVELOPMENT_TEAM = ZPS3H473KB;
				ENABLE_PREVIEWS = YES;
				GENERATE_INFOPLIST_FILE = YES;
				INFOPLIST_KEY_UIApplicationSceneManifest_Generation = YES;
				INFOPLIST_KEY_UIApplicationSupportsIndirectInputEvents = YES;
				INFOPLIST_KEY_UILaunchScreen_Generation = YES;
				INFOPLIST_KEY_UISupportedInterfaceOrientations_iPad = "UIInterfaceOrientationPortrait UIInterfaceOrientationPortraitUpsideDown UIInterfaceOrientationLandscapeLeft UIInterfaceOrientationLandscapeRight";
				INFOPLIST_KEY_UISupportedInterfaceOrientations_iPhone = "UIInterfaceOrientationPortrait UIInterfaceOrientationLandscapeLeft UIInterfaceOrientationLandscapeRight";
				LD_RUNPATH_SEARCH_PATHS = (
					"$(inherited)",
					"@executable_path/Frameworks",
				);
				MARKETING_VERSION = 1.0;
				PRODUCT_BUNDLE_IDENTIFIER = com.brightsummit.SwiftUIStripePayment;
				PRODUCT_NAME = "$(TARGET_NAME)";
				SWIFT_EMIT_LOC_STRINGS = YES;
				SWIFT_VERSION = 5.0;
				TARGETED_DEVICE_FAMILY = "1,2";
			};
			name = Debug;
		};
		B4CA543D27995FD100BF288B /* Release */ = {
			isa = XCBuildConfiguration;
			baseConfigurationReference = 211D2D85AA66BA6F86DA3F6E /* Pods-SwiftUIStripePayment.release.xcconfig */;
			buildSettings = {
				ASSETCATALOG_COMPILER_APPICON_NAME = AppIcon;
				ASSETCATALOG_COMPILER_GLOBAL_ACCENT_COLOR_NAME = AccentColor;
				CODE_SIGN_STYLE = Automatic;
				CURRENT_PROJECT_VERSION = 1;
				DEVELOPMENT_ASSET_PATHS = "\"SwiftUIStripePayment/Preview Content\"";
				DEVELOPMENT_TEAM = ZPS3H473KB;
				ENABLE_PREVIEWS = YES;
				GENERATE_INFOPLIST_FILE = YES;
				INFOPLIST_KEY_UIApplicationSceneManifest_Generation = YES;
				INFOPLIST_KEY_UIApplicationSupportsIndirectInputEvents = YES;
				INFOPLIST_KEY_UILaunchScreen_Generation = YES;
				INFOPLIST_KEY_UISupportedInterfaceOrientations_iPad = "UIInterfaceOrientationPortrait UIInterfaceOrientationPortraitUpsideDown UIInterfaceOrientationLandscapeLeft UIInterfaceOrientationLandscapeRight";
				INFOPLIST_KEY_UISupportedInterfaceOrientations_iPhone = "UIInterfaceOrientationPortrait UIInterfaceOrientationLandscapeLeft UIInterfaceOrientationLandscapeRight";
				LD_RUNPATH_SEARCH_PATHS = (
					"$(inherited)",
					"@executable_path/Frameworks",
				);
				MARKETING_VERSION = 1.0;
				PRODUCT_BUNDLE_IDENTIFIER = com.brightsummit.SwiftUIStripePayment;
				PRODUCT_NAME = "$(TARGET_NAME)";
				SWIFT_EMIT_LOC_STRINGS = YES;
				SWIFT_VERSION = 5.0;
				TARGETED_DEVICE_FAMILY = "1,2";
			};
			name = Release;
		};
/* End XCBuildConfiguration section */

/* Begin XCConfigurationList section */
		B4CA542827995FC800BF288B /* Build configuration list for PBXProject "SwiftUIStripePayment" */ = {
			isa = XCConfigurationList;
			buildConfigurations = (
				B4CA543927995FD100BF288B /* Debug */,
				B4CA543A27995FD100BF288B /* Release */,
			);
			defaultConfigurationIsVisible = 0;
			defaultConfigurationName = Release;
		};
		B4CA543B27995FD100BF288B /* Build configuration list for PBXNativeTarget "SwiftUIStripePayment" */ = {
			isa = XCConfigurationList;
			buildConfigurations = (
				B4CA543C27995FD100BF288B /* Debug */,
				B4CA543D27995FD100BF288B /* Release */,
			);
			defaultConfigurationIsVisible = 0;
			defaultConfigurationName = Release;
		};
/* End XCConfigurationList section */
	};
	rootObject = B4CA542527995FC800BF288B /* Project object */;
}
